Microsoft Visual Studio Solution File, Format Version 12.00
# Visual Studio Version 17
VisualStudioVersion = 17.5.2.0
MinimumVisualStudioVersion = 10.0.40219.1
Project("{FAE04EC0-301F-11D3-BF4B-00C04F79EFBC}") = "UniversityFrontend", "UniversityFrontend.csproj", "{B9D9D6C4-7EF5-5E76-F6E8-6174D1A6797B}"
EndProject
Global
	GlobalSection(SolutionConfigurationPlatforms) = preSolution
		Debug|Any CPU = Debug|Any CPU
		Release|Any CPU = Release|Any CPU
	EndGlobalSection
	GlobalSection(ProjectConfigurationPlatforms) = postSolution
		{B9D9D6C4-7EF5-5E76-F6E8-6174D1A6797B}.Debug|Any CPU.ActiveCfg = Debug|Any CPU
		{B9D9D6C4-7EF5-5E76-F6E8-6174D1A6797B}.Debug|Any CPU.Build.0 = Debug|Any CPU
		{B9D9D6C4-7EF5-5E76-F6E8-6174D1A6797B}.Release|Any CPU.ActiveCfg = Release|Any CPU
		{B9D9D6C4-7EF5-5E76-F6E8-6174D1A6797B}.Release|Any CPU.Build.0 = Release|Any CPU
	EndGlobalSection
	GlobalSection(SolutionProperties) = preSolution
		HideSolutionNode = FALSE
	EndGlobalSection
	GlobalSection(ExtensibilityGlobals) = postSolution
		SolutionGuid = {8039CEBC-2531-4FF4-9072-6F6845ADAC9F}
	EndGlobalSection
EndGlobal
