Microsoft Visual Studio Solution File, Format Version 12.00
# Visual Studio Version 17
VisualStudioVersion = 17.5.2.0
MinimumVisualStudioVersion = 10.0.40219.1
Project("{FAE04EC0-301F-11D3-BF4B-00C04F79EFBC}") = "UniversityApi", "UniversityApi.csproj", "{E5B20F15-634E-4FE1-1F07-D7E27C4CAC01}"
EndProject
Global
	GlobalSection(SolutionConfigurationPlatforms) = preSolution
		Debug|Any CPU = Debug|Any CPU
		Release|Any CPU = Release|Any CPU
	EndGlobalSection
	GlobalSection(ProjectConfigurationPlatforms) = postSolution
		{E5B20F15-634E-4FE1-1F07-D7E27C4CAC01}.Debug|Any CPU.ActiveCfg = Debug|Any CPU
		{E5B20F15-634E-4FE1-1F07-D7E27C4CAC01}.Debug|Any CPU.Build.0 = Debug|Any CPU
		{E5B20F15-634E-4FE1-1F07-D7E27C4CAC01}.Release|Any CPU.ActiveCfg = Release|Any CPU
		{E5B20F15-634E-4FE1-1F07-D7E27C4CAC01}.Release|Any CPU.Build.0 = Release|Any CPU
	EndGlobalSection
	GlobalSection(SolutionProperties) = preSolution
		HideSolutionNode = FALSE
	EndGlobalSection
	GlobalSection(ExtensibilityGlobals) = postSolution
		SolutionGuid = {41A60139-7B2F-4530-B94B-17845651171D}
	EndGlobalSection
EndGlobal
